// !$*UTF8*$!
{
	archiveVersion = 1;
	classes = {
	};
	objectVersion = 55;
	objects = {

/* Begin PBXBuildFile section */
		49AF86AA28F46D7700CCC6AA /* AppDelegate.swift in Sources */ = {isa = PBXBuildFile; fileRef = 49AF86A928F46D7700CCC6AA /* AppDelegate.swift */; };
		49AF86AC28F46D7700CCC6AA /* SceneDelegate.swift in Sources */ = {isa = PBXBuildFile; fileRef = 49AF86AB28F46D7700CCC6AA /* SceneDelegate.swift */; };
		49AF86AE28F46D7700CCC6AA /* ViewController.swift in Sources */ = {isa = PBXBuildFile; fileRef = 49AF86AD28F46D7700CCC6AA /* ViewController.swift */; };
		49AF86B128F46D7700CCC6AA /* Main.storyboard in Resources */ = {isa = PBXBuildFile; fileRef = 49AF86AF28F46D7700CCC6AA /* Main.storyboard */; };
		49AF86B328F46D7900CCC6AA /* Assets.xcassets in Resources */ = {isa = PBXBuildFile; fileRef = 49AF86B228F46D7900CCC6AA /* Assets.xcassets */; };
		49AF86B628F46D7900CCC6AA /* LaunchScreen.storyboard in Resources */ = {isa = PBXBuildFile; fileRef = 49AF86B428F46D7900CCC6AA /* LaunchScreen.storyboard */; };
		49AF86C128F46D7900CCC6AA /* talento_mobile_marvelTests.swift in Sources */ = {isa = PBXBuildFile; fileRef = 49AF86C028F46D7900CCC6AA /* talento_mobile_marvelTests.swift */; };
		49AF86CB28F46D7900CCC6AA /* talento_mobile_marvelUITests.swift in Sources */ = {isa = PBXBuildFile; fileRef = 49AF86CA28F46D7900CCC6AA /* talento_mobile_marvelUITests.swift */; };
		49AF86CD28F46D7900CCC6AA /* talento_mobile_marvelUITestsLaunchTests.swift in Sources */ = {isa = PBXBuildFile; fileRef = 49AF86CC28F46D7900CCC6AA /* talento_mobile_marvelUITestsLaunchTests.swift */; };
		49B4B46928F5755800EF12F8 /* ServiceManager.swift in Sources */ = {isa = PBXBuildFile; fileRef = 49B4B46828F5755800EF12F8 /* ServiceManager.swift */; };
		49B4B46B28F5778300EF12F8 /* MarvelApiManager.swift in Sources */ = {isa = PBXBuildFile; fileRef = 49B4B46A28F5778300EF12F8 /* MarvelApiManager.swift */; };
		49B4B46D28F5869500EF12F8 /* Character.swift in Sources */ = {isa = PBXBuildFile; fileRef = 49B4B46C28F5869500EF12F8 /* Character.swift */; };
		49B4B46F28F5936100EF12F8 /* ComicList.swift in Sources */ = {isa = PBXBuildFile; fileRef = 49B4B46E28F5936100EF12F8 /* ComicList.swift */; };
		49B4B47128F5980A00EF12F8 /* ComicSummary.swift in Sources */ = {isa = PBXBuildFile; fileRef = 49B4B47028F5980A00EF12F8 /* ComicSummary.swift */; };
		49B4B47328F59B3E00EF12F8 /* Image.swift in Sources */ = {isa = PBXBuildFile; fileRef = 49B4B47228F59B3E00EF12F8 /* Image.swift */; };
		49B4B47528F5BB5700EF12F8 /* SeriesList.swift in Sources */ = {isa = PBXBuildFile; fileRef = 49B4B47428F5BB5700EF12F8 /* SeriesList.swift */; };
		49B4B47728F5BC4D00EF12F8 /* SeriesSummary.swift in Sources */ = {isa = PBXBuildFile; fileRef = 49B4B47628F5BC4D00EF12F8 /* SeriesSummary.swift */; };
		49B4B47928F5BD4200EF12F8 /* StoryList.swift in Sources */ = {isa = PBXBuildFile; fileRef = 49B4B47828F5BD4200EF12F8 /* StoryList.swift */; };
		49B4B47B28F5BDD600EF12F8 /* StorySummary.swift in Sources */ = {isa = PBXBuildFile; fileRef = 49B4B47A28F5BDD600EF12F8 /* StorySummary.swift */; };
		49B4B47D28F5BE3500EF12F8 /* EventList.swift in Sources */ = {isa = PBXBuildFile; fileRef = 49B4B47C28F5BE3500EF12F8 /* EventList.swift */; };
		49B4B47F28F5BEA000EF12F8 /* EventSummary.swift in Sources */ = {isa = PBXBuildFile; fileRef = 49B4B47E28F5BEA000EF12F8 /* EventSummary.swift */; };
		49B9E07628F6EA38002C92DC /* MarvelCharactersViewModel.swift in Sources */ = {isa = PBXBuildFile; fileRef = 49B9E07528F6EA38002C92DC /* MarvelCharactersViewModel.swift */; };
		49B9E07828F70D8C002C92DC /* Md5.swift in Sources */ = {isa = PBXBuildFile; fileRef = 49B9E07728F70D8C002C92DC /* Md5.swift */; };
		49B9E07A28F71586002C92DC /* CharacterDataContainer.swift in Sources */ = {isa = PBXBuildFile; fileRef = 49B9E07928F71586002C92DC /* CharacterDataContainer.swift */; };
		49B9E07C28F71638002C92DC /* CharacterDataWrapper.swift in Sources */ = {isa = PBXBuildFile; fileRef = 49B9E07B28F71638002C92DC /* CharacterDataWrapper.swift */; };
		49B9E07E28F802ED002C92DC /* CharacterTableViewCell.swift in Sources */ = {isa = PBXBuildFile; fileRef = 49B9E07D28F802ED002C92DC /* CharacterTableViewCell.swift */; };
		49B9E08228F856F5002C92DC /* CharacterDetailViewController.swift in Sources */ = {isa = PBXBuildFile; fileRef = 49B9E08128F856F5002C92DC /* CharacterDetailViewController.swift */; };
		DA1C91E615D97F6100E3C472 /* Pods_talento_mobile_marvel_talento_mobile_marvelUITests.framework in Frameworks */ = {isa = PBXBuildFile; fileRef = 521C4B80F0EF04999EF42AA2 /* Pods_talento_mobile_marvel_talento_mobile_marvelUITests.framework */; };
		F279CA10F8C2A0C84D9A7936 /* Pods_talento_mobile_marvelTests.framework in Frameworks */ = {isa = PBXBuildFile; fileRef = 8DFF06855A11710E6FB99B58 /* Pods_talento_mobile_marvelTests.framework */; };
		F479A7858D19F6113D078189 /* Pods_talento_mobile_marvel.framework in Frameworks */ = {isa = PBXBuildFile; fileRef = 68D657221788098796134ACF /* Pods_talento_mobile_marvel.framework */; };
/* End PBXBuildFile section */

/* Begin PBXContainerItemProxy section */
		49AF86BD28F46D7900CCC6AA /* PBXContainerItemProxy */ = {
			isa = PBXContainerItemProxy;
			containerPortal = 49AF869E28F46D7600CCC6AA /* Project object */;
			proxyType = 1;
			remoteGlobalIDString = 49AF86A528F46D7600CCC6AA;
			remoteInfo = "talento-mobile-marvel";
		};
		49AF86C728F46D7900CCC6AA /* PBXContainerItemProxy */ = {
			isa = PBXContainerItemProxy;
			containerPortal = 49AF869E28F46D7600CCC6AA /* Project object */;
			proxyType = 1;
			remoteGlobalIDString = 49AF86A528F46D7600CCC6AA;
			remoteInfo = "talento-mobile-marvel";
		};
/* End PBXContainerItemProxy section */

/* Begin PBXFileReference section */
		03C55CE5D1DD80D9A369DF02 /* Pods-talento-mobile-marvel.debug.xcconfig */ = {isa = PBXFileReference; includeInIndex = 1; lastKnownFileType = text.xcconfig; name = "Pods-talento-mobile-marvel.debug.xcconfig"; path = "Target Support Files/Pods-talento-mobile-marvel/Pods-talento-mobile-marvel.debug.xcconfig"; sourceTree = "<group>"; };
		36530F833037C8A5EAB3F64A /* Pods-talento-mobile-marvel-talento-mobile-marvelUITests.release.xcconfig */ = {isa = PBXFileReference; includeInIndex = 1; lastKnownFileType = text.xcconfig; name = "Pods-talento-mobile-marvel-talento-mobile-marvelUITests.release.xcconfig"; path = "Target Support Files/Pods-talento-mobile-marvel-talento-mobile-marvelUITests/Pods-talento-mobile-marvel-talento-mobile-marvelUITests.release.xcconfig"; sourceTree = "<group>"; };
		482CE526DA66B22AD7A32014 /* Pods-talento-mobile-marvelTests.release.xcconfig */ = {isa = PBXFileReference; includeInIndex = 1; lastKnownFileType = text.xcconfig; name = "Pods-talento-mobile-marvelTests.release.xcconfig"; path = "Target Support Files/Pods-talento-mobile-marvelTests/Pods-talento-mobile-marvelTests.release.xcconfig"; sourceTree = "<group>"; };
		49AF86A628F46D7700CCC6AA /* talento-mobile-marvel.app */ = {isa = PBXFileReference; explicitFileType = wrapper.application; includeInIndex = 0; path = "talento-mobile-marvel.app"; sourceTree = BUILT_PRODUCTS_DIR; };
		49AF86A928F46D7700CCC6AA /* AppDelegate.swift */ = {isa = PBXFileReference; lastKnownFileType = sourcecode.swift; path = AppDelegate.swift; sourceTree = "<group>"; };
		49AF86AB28F46D7700CCC6AA /* SceneDelegate.swift */ = {isa = PBXFileReference; lastKnownFileType = sourcecode.swift; path = SceneDelegate.swift; sourceTree = "<group>"; };
		49AF86AD28F46D7700CCC6AA /* ViewController.swift */ = {isa = PBXFileReference; lastKnownFileType = sourcecode.swift; path = ViewController.swift; sourceTree = "<group>"; };
		49AF86B028F46D7700CCC6AA /* Base */ = {isa = PBXFileReference; lastKnownFileType = file.storyboard; name = Base; path = Base.lproj/Main.storyboard; sourceTree = "<group>"; };
		49AF86B228F46D7900CCC6AA /* Assets.xcassets */ = {isa = PBXFileReference; lastKnownFileType = folder.assetcatalog; path = Assets.xcassets; sourceTree = "<group>"; };
		49AF86B528F46D7900CCC6AA /* Base */ = {isa = PBXFileReference; lastKnownFileType = file.storyboard; name = Base; path = Base.lproj/LaunchScreen.storyboard; sourceTree = "<group>"; };
		49AF86B728F46D7900CCC6AA /* Info.plist */ = {isa = PBXFileReference; lastKnownFileType = text.plist.xml; path = Info.plist; sourceTree = "<group>"; };
		49AF86BC28F46D7900CCC6AA /* talento-mobile-marvelTests.xctest */ = {isa = PBXFileReference; explicitFileType = wrapper.cfbundle; includeInIndex = 0; path = "talento-mobile-marvelTests.xctest"; sourceTree = BUILT_PRODUCTS_DIR; };
		49AF86C028F46D7900CCC6AA /* talento_mobile_marvelTests.swift */ = {isa = PBXFileReference; lastKnownFileType = sourcecode.swift; path = talento_mobile_marvelTests.swift; sourceTree = "<group>"; };
		49AF86C628F46D7900CCC6AA /* talento-mobile-marvelUITests.xctest */ = {isa = PBXFileReference; explicitFileType = wrapper.cfbundle; includeInIndex = 0; path = "talento-mobile-marvelUITests.xctest"; sourceTree = BUILT_PRODUCTS_DIR; };
		49AF86CA28F46D7900CCC6AA /* talento_mobile_marvelUITests.swift */ = {isa = PBXFileReference; lastKnownFileType = sourcecode.swift; path = talento_mobile_marvelUITests.swift; sourceTree = "<group>"; };
		49AF86CC28F46D7900CCC6AA /* talento_mobile_marvelUITestsLaunchTests.swift */ = {isa = PBXFileReference; lastKnownFileType = sourcecode.swift; path = talento_mobile_marvelUITestsLaunchTests.swift; sourceTree = "<group>"; };
		49B4B46828F5755800EF12F8 /* ServiceManager.swift */ = {isa = PBXFileReference; lastKnownFileType = sourcecode.swift; path = ServiceManager.swift; sourceTree = "<group>"; };
		49B4B46A28F5778300EF12F8 /* MarvelApiManager.swift */ = {isa = PBXFileReference; lastKnownFileType = sourcecode.swift; path = MarvelApiManager.swift; sourceTree = "<group>"; };
		49B4B46C28F5869500EF12F8 /* Character.swift */ = {isa = PBXFileReference; lastKnownFileType = sourcecode.swift; path = Character.swift; sourceTree = "<group>"; };
		49B4B46E28F5936100EF12F8 /* ComicList.swift */ = {isa = PBXFileReference; lastKnownFileType = sourcecode.swift; path = ComicList.swift; sourceTree = "<group>"; };
		49B4B47028F5980A00EF12F8 /* ComicSummary.swift */ = {isa = PBXFileReference; lastKnownFileType = sourcecode.swift; path = ComicSummary.swift; sourceTree = "<group>"; };
		49B4B47228F59B3E00EF12F8 /* Image.swift */ = {isa = PBXFileReference; lastKnownFileType = sourcecode.swift; path = Image.swift; sourceTree = "<group>"; };
		49B4B47428F5BB5700EF12F8 /* SeriesList.swift */ = {isa = PBXFileReference; lastKnownFileType = sourcecode.swift; path = SeriesList.swift; sourceTree = "<group>"; };
		49B4B47628F5BC4D00EF12F8 /* SeriesSummary.swift */ = {isa = PBXFileReference; lastKnownFileType = sourcecode.swift; path = SeriesSummary.swift; sourceTree = "<group>"; };
		49B4B47828F5BD4200EF12F8 /* StoryList.swift */ = {isa = PBXFileReference; lastKnownFileType = sourcecode.swift; path = StoryList.swift; sourceTree = "<group>"; };
		49B4B47A28F5BDD600EF12F8 /* StorySummary.swift */ = {isa = PBXFileReference; lastKnownFileType = sourcecode.swift; path = StorySummary.swift; sourceTree = "<group>"; };
		49B4B47C28F5BE3500EF12F8 /* EventList.swift */ = {isa = PBXFileReference; lastKnownFileType = sourcecode.swift; path = EventList.swift; sourceTree = "<group>"; };
		49B4B47E28F5BEA000EF12F8 /* EventSummary.swift */ = {isa = PBXFileReference; lastKnownFileType = sourcecode.swift; path = EventSummary.swift; sourceTree = "<group>"; };
		49B9E07528F6EA38002C92DC /* MarvelCharactersViewModel.swift */ = {isa = PBXFileReference; lastKnownFileType = sourcecode.swift; path = MarvelCharactersViewModel.swift; sourceTree = "<group>"; };
		49B9E07728F70D8C002C92DC /* Md5.swift */ = {isa = PBXFileReference; lastKnownFileType = sourcecode.swift; path = Md5.swift; sourceTree = "<group>"; };
		49B9E07928F71586002C92DC /* CharacterDataContainer.swift */ = {isa = PBXFileReference; lastKnownFileType = sourcecode.swift; path = CharacterDataContainer.swift; sourceTree = "<group>"; };
		49B9E07B28F71638002C92DC /* CharacterDataWrapper.swift */ = {isa = PBXFileReference; lastKnownFileType = sourcecode.swift; path = CharacterDataWrapper.swift; sourceTree = "<group>"; };
		49B9E07D28F802ED002C92DC /* CharacterTableViewCell.swift */ = {isa = PBXFileReference; lastKnownFileType = sourcecode.swift; path = CharacterTableViewCell.swift; sourceTree = "<group>"; };
		49B9E08128F856F5002C92DC /* CharacterDetailViewController.swift */ = {isa = PBXFileReference; lastKnownFileType = sourcecode.swift; path = CharacterDetailViewController.swift; sourceTree = "<group>"; };
		521C4B80F0EF04999EF42AA2 /* Pods_talento_mobile_marvel_talento_mobile_marvelUITests.framework */ = {isa = PBXFileReference; explicitFileType = wrapper.framework; includeInIndex = 0; path = Pods_talento_mobile_marvel_talento_mobile_marvelUITests.framework; sourceTree = BUILT_PRODUCTS_DIR; };
		68D657221788098796134ACF /* Pods_talento_mobile_marvel.framework */ = {isa = PBXFileReference; explicitFileType = wrapper.framework; includeInIndex = 0; path = Pods_talento_mobile_marvel.framework; sourceTree = BUILT_PRODUCTS_DIR; };
		7CB1331A3EADC0EB568390E3 /* Pods-talento-mobile-marvel.release.xcconfig */ = {isa = PBXFileReference; includeInIndex = 1; lastKnownFileType = text.xcconfig; name = "Pods-talento-mobile-marvel.release.xcconfig"; path = "Target Support Files/Pods-talento-mobile-marvel/Pods-talento-mobile-marvel.release.xcconfig"; sourceTree = "<group>"; };
		8DFF06855A11710E6FB99B58 /* Pods_talento_mobile_marvelTests.framework */ = {isa = PBXFileReference; explicitFileType = wrapper.framework; includeInIndex = 0; path = Pods_talento_mobile_marvelTests.framework; sourceTree = BUILT_PRODUCTS_DIR; };
		8F86685E050C42F1DCA6070E /* Pods-talento-mobile-marvelTests.debug.xcconfig */ = {isa = PBXFileReference; includeInIndex = 1; lastKnownFileType = text.xcconfig; name = "Pods-talento-mobile-marvelTests.debug.xcconfig"; path = "Target Support Files/Pods-talento-mobile-marvelTests/Pods-talento-mobile-marvelTests.debug.xcconfig"; sourceTree = "<group>"; };
		AAE79C29E5F3C8034C9BC509 /* Pods-talento-mobile-marvel-talento-mobile-marvelUITests.debug.xcconfig */ = {isa = PBXFileReference; includeInIndex = 1; lastKnownFileType = text.xcconfig; name = "Pods-talento-mobile-marvel-talento-mobile-marvelUITests.debug.xcconfig"; path = "Target Support Files/Pods-talento-mobile-marvel-talento-mobile-marvelUITests/Pods-talento-mobile-marvel-talento-mobile-marvelUITests.debug.xcconfig"; sourceTree = "<group>"; };
/* End PBXFileReference section */

/* Begin PBXFrameworksBuildPhase section */
		49AF86A328F46D7600CCC6AA /* Frameworks */ = {
			isa = PBXFrameworksBuildPhase;
			buildActionMask = 2147483647;
			files = (
				F479A7858D19F6113D078189 /* Pods_talento_mobile_marvel.framework in Frameworks */,
			);
			runOnlyForDeploymentPostprocessing = 0;
		};
		49AF86B928F46D7900CCC6AA /* Frameworks */ = {
			isa = PBXFrameworksBuildPhase;
			buildActionMask = 2147483647;
			files = (
				F279CA10F8C2A0C84D9A7936 /* Pods_talento_mobile_marvelTests.framework in Frameworks */,
			);
			runOnlyForDeploymentPostprocessing = 0;
		};
		49AF86C328F46D7900CCC6AA /* Frameworks */ = {
			isa = PBXFrameworksBuildPhase;
			buildActionMask = 2147483647;
			files = (
				DA1C91E615D97F6100E3C472 /* Pods_talento_mobile_marvel_talento_mobile_marvelUITests.framework in Frameworks */,
			);
			runOnlyForDeploymentPostprocessing = 0;
		};
/* End PBXFrameworksBuildPhase section */

/* Begin PBXGroup section */
		49AF869D28F46D7600CCC6AA = {
			isa = PBXGroup;
			children = (
				49AF86A828F46D7700CCC6AA /* talento-mobile-marvel */,
				49AF86BF28F46D7900CCC6AA /* talento-mobile-marvelTests */,
				49AF86C928F46D7900CCC6AA /* talento-mobile-marvelUITests */,
				49AF86A728F46D7700CCC6AA /* Products */,
				C43C5F8BCFF7B8D9897C0ED3 /* Pods */,
				E3B200A647C3E31A360DFCEC /* Frameworks */,
			);
			sourceTree = "<group>";
		};
		49AF86A728F46D7700CCC6AA /* Products */ = {
			isa = PBXGroup;
			children = (
				49AF86A628F46D7700CCC6AA /* talento-mobile-marvel.app */,
				49AF86BC28F46D7900CCC6AA /* talento-mobile-marvelTests.xctest */,
				49AF86C628F46D7900CCC6AA /* talento-mobile-marvelUITests.xctest */,
			);
			name = Products;
			sourceTree = "<group>";
		};
		49AF86A828F46D7700CCC6AA /* talento-mobile-marvel */ = {
			isa = PBXGroup;
			children = (
				49AF86DB28F4750400CCC6AA /* Models */,
				49AF86DC28F4750F00CCC6AA /* ViewModels */,
				49AF86DD28F4752600CCC6AA /* Views */,
				49AF86DE28F4753700CCC6AA /* Helpers */,
				49AF86D928F474E400CCC6AA /* Services */,
				49AF86A928F46D7700CCC6AA /* AppDelegate.swift */,
				49AF86AB28F46D7700CCC6AA /* SceneDelegate.swift */,
				49AF86AD28F46D7700CCC6AA /* ViewController.swift */,
				49AF86AF28F46D7700CCC6AA /* Main.storyboard */,
				49AF86B228F46D7900CCC6AA /* Assets.xcassets */,
				49AF86B428F46D7900CCC6AA /* LaunchScreen.storyboard */,
				49AF86B728F46D7900CCC6AA /* Info.plist */,
				49B9E08128F856F5002C92DC /* CharacterDetailViewController.swift */,
			);
			path = "talento-mobile-marvel";
			sourceTree = "<group>";
		};
		49AF86BF28F46D7900CCC6AA /* talento-mobile-marvelTests */ = {
			isa = PBXGroup;
			children = (
				49AF86C028F46D7900CCC6AA /* talento_mobile_marvelTests.swift */,
			);
			path = "talento-mobile-marvelTests";
			sourceTree = "<group>";
		};
		49AF86C928F46D7900CCC6AA /* talento-mobile-marvelUITests */ = {
			isa = PBXGroup;
			children = (
				49AF86CA28F46D7900CCC6AA /* talento_mobile_marvelUITests.swift */,
				49AF86CC28F46D7900CCC6AA /* talento_mobile_marvelUITestsLaunchTests.swift */,
			);
			path = "talento-mobile-marvelUITests";
			sourceTree = "<group>";
		};
		49AF86D928F474E400CCC6AA /* Services */ = {
			isa = PBXGroup;
			children = (
				49B4B46828F5755800EF12F8 /* ServiceManager.swift */,
				49B4B46A28F5778300EF12F8 /* MarvelApiManager.swift */,
			);
			path = Services;
			sourceTree = "<group>";
		};
		49AF86DB28F4750400CCC6AA /* Models */ = {
			isa = PBXGroup;
			children = (
				49B4B46C28F5869500EF12F8 /* Character.swift */,
				49B4B46E28F5936100EF12F8 /* ComicList.swift */,
				49B4B47028F5980A00EF12F8 /* ComicSummary.swift */,
				49B4B47228F59B3E00EF12F8 /* Image.swift */,
				49B4B47428F5BB5700EF12F8 /* SeriesList.swift */,
				49B4B47628F5BC4D00EF12F8 /* SeriesSummary.swift */,
				49B4B47828F5BD4200EF12F8 /* StoryList.swift */,
				49B4B47A28F5BDD600EF12F8 /* StorySummary.swift */,
				49B4B47C28F5BE3500EF12F8 /* EventList.swift */,
				49B4B47E28F5BEA000EF12F8 /* EventSummary.swift */,
				49B9E07928F71586002C92DC /* CharacterDataContainer.swift */,
				49B9E07B28F71638002C92DC /* CharacterDataWrapper.swift */,
			);
			path = Models;
			sourceTree = "<group>";
		};
		49AF86DC28F4750F00CCC6AA /* ViewModels */ = {
			isa = PBXGroup;
			children = (
				49B9E07528F6EA38002C92DC /* MarvelCharactersViewModel.swift */,
			);
			path = ViewModels;
			sourceTree = "<group>";
		};
		49AF86DD28F4752600CCC6AA /* Views */ = {
			isa = PBXGroup;
			children = (
				49B9E07D28F802ED002C92DC /* CharacterTableViewCell.swift */,
			);
			path = Views;
			sourceTree = "<group>";
		};
		49AF86DE28F4753700CCC6AA /* Helpers */ = {
			isa = PBXGroup;
			children = (
				49B9E07728F70D8C002C92DC /* Md5.swift */,
			);
			path = Helpers;
			sourceTree = "<group>";
		};
		C43C5F8BCFF7B8D9897C0ED3 /* Pods */ = {
			isa = PBXGroup;
			children = (
				03C55CE5D1DD80D9A369DF02 /* Pods-talento-mobile-marvel.debug.xcconfig */,
				7CB1331A3EADC0EB568390E3 /* Pods-talento-mobile-marvel.release.xcconfig */,
				AAE79C29E5F3C8034C9BC509 /* Pods-talento-mobile-marvel-talento-mobile-marvelUITests.debug.xcconfig */,
				36530F833037C8A5EAB3F64A /* Pods-talento-mobile-marvel-talento-mobile-marvelUITests.release.xcconfig */,
				8F86685E050C42F1DCA6070E /* Pods-talento-mobile-marvelTests.debug.xcconfig */,
				482CE526DA66B22AD7A32014 /* Pods-talento-mobile-marvelTests.release.xcconfig */,
			);
			path = Pods;
			sourceTree = "<group>";
		};
		E3B200A647C3E31A360DFCEC /* Frameworks */ = {
			isa = PBXGroup;
			children = (
				68D657221788098796134ACF /* Pods_talento_mobile_marvel.framework */,
				521C4B80F0EF04999EF42AA2 /* Pods_talento_mobile_marvel_talento_mobile_marvelUITests.framework */,
				8DFF06855A11710E6FB99B58 /* Pods_talento_mobile_marvelTests.framework */,
			);
			name = Frameworks;
			sourceTree = "<group>";
		};
/* End PBXGroup section */

/* Begin PBXNativeTarget section */
		49AF86A528F46D7600CCC6AA /* talento-mobile-marvel */ = {
			isa = PBXNativeTarget;
			buildConfigurationList = 49AF86D028F46D7900CCC6AA /* Build configuration list for PBXNativeTarget "talento-mobile-marvel" */;
			buildPhases = (
				8FC5BBD35814EEA579629834 /* [CP] Check Pods Manifest.lock */,
				49AF86A228F46D7600CCC6AA /* Sources */,
				49AF86A328F46D7600CCC6AA /* Frameworks */,
				49AF86A428F46D7600CCC6AA /* Resources */,
				C639540A795216275D10EA55 /* [CP] Embed Pods Frameworks */,
			);
			buildRules = (
			);
			dependencies = (
			);
			name = "talento-mobile-marvel";
			productName = "talento-mobile-marvel";
			productReference = 49AF86A628F46D7700CCC6AA /* talento-mobile-marvel.app */;
			productType = "com.apple.product-type.application";
		};
		49AF86BB28F46D7900CCC6AA /* talento-mobile-marvelTests */ = {
			isa = PBXNativeTarget;
			buildConfigurationList = 49AF86D328F46D7900CCC6AA /* Build configuration list for PBXNativeTarget "talento-mobile-marvelTests" */;
			buildPhases = (
				5F132F1D732ADAF3309C9308 /* [CP] Check Pods Manifest.lock */,
				49AF86B828F46D7900CCC6AA /* Sources */,
				49AF86B928F46D7900CCC6AA /* Frameworks */,
				49AF86BA28F46D7900CCC6AA /* Resources */,
			);
			buildRules = (
			);
			dependencies = (
				49AF86BE28F46D7900CCC6AA /* PBXTargetDependency */,
			);
			name = "talento-mobile-marvelTests";
			productName = "talento-mobile-marvelTests";
			productReference = 49AF86BC28F46D7900CCC6AA /* talento-mobile-marvelTests.xctest */;
			productType = "com.apple.product-type.bundle.unit-test";
		};
		49AF86C528F46D7900CCC6AA /* talento-mobile-marvelUITests */ = {
			isa = PBXNativeTarget;
			buildConfigurationList = 49AF86D628F46D7900CCC6AA /* Build configuration list for PBXNativeTarget "talento-mobile-marvelUITests" */;
			buildPhases = (
				A7E9FABF0033E5D164482929 /* [CP] Check Pods Manifest.lock */,
				49AF86C228F46D7900CCC6AA /* Sources */,
				49AF86C328F46D7900CCC6AA /* Frameworks */,
				49AF86C428F46D7900CCC6AA /* Resources */,
				DCD649E86B51F9B180AF23AD /* [CP] Embed Pods Frameworks */,
			);
			buildRules = (
			);
			dependencies = (
				49AF86C828F46D7900CCC6AA /* PBXTargetDependency */,
			);
			name = "talento-mobile-marvelUITests";
			productName = "talento-mobile-marvelUITests";
			productReference = 49AF86C628F46D7900CCC6AA /* talento-mobile-marvelUITests.xctest */;
			productType = "com.apple.product-type.bundle.ui-testing";
		};
/* End PBXNativeTarget section */

/* Begin PBXProject section */
		49AF869E28F46D7600CCC6AA /* Project object */ = {
			isa = PBXProject;
			attributes = {
				BuildIndependentTargetsInParallel = 1;
				LastSwiftUpdateCheck = 1320;
				LastUpgradeCheck = 1320;
				TargetAttributes = {
					49AF86A528F46D7600CCC6AA = {
						CreatedOnToolsVersion = 13.2.1;
					};
					49AF86BB28F46D7900CCC6AA = {
						CreatedOnToolsVersion = 13.2.1;
						TestTargetID = 49AF86A528F46D7600CCC6AA;
					};
					49AF86C528F46D7900CCC6AA = {
						CreatedOnToolsVersion = 13.2.1;
						TestTargetID = 49AF86A528F46D7600CCC6AA;
					};
				};
			};
			buildConfigurationList = 49AF86A128F46D7600CCC6AA /* Build configuration list for PBXProject "talento-mobile-marvel" */;
			compatibilityVersion = "Xcode 13.0";
			developmentRegion = en;
			hasScannedForEncodings = 0;
			knownRegions = (
				en,
				Base,
			);
			mainGroup = 49AF869D28F46D7600CCC6AA;
			productRefGroup = 49AF86A728F46D7700CCC6AA /* Products */;
			projectDirPath = "";
			projectRoot = "";
			targets = (
				49AF86A528F46D7600CCC6AA /* talento-mobile-marvel */,
				49AF86BB28F46D7900CCC6AA /* talento-mobile-marvelTests */,
				49AF86C528F46D7900CCC6AA /* talento-mobile-marvelUITests */,
			);
		};
/* End PBXProject section */

/* Begin PBXResourcesBuildPhase section */
		49AF86A428F46D7600CCC6AA /* Resources */ = {
			isa = PBXResourcesBuildPhase;
			buildActionMask = 2147483647;
			files = (
				49AF86B628F46D7900CCC6AA /* LaunchScreen.storyboard in Resources */,
				49AF86B328F46D7900CCC6AA /* Assets.xcassets in Resources */,
				49AF86B128F46D7700CCC6AA /* Main.storyboard in Resources */,
			);
			runOnlyForDeploymentPostprocessing = 0;
		};
		49AF86BA28F46D7900CCC6AA /* Resources */ = {
			isa = PBXResourcesBuildPhase;
			buildActionMask = 2147483647;
			files = (
			);
			runOnlyForDeploymentPostprocessing = 0;
		};
		49AF86C428F46D7900CCC6AA /* Resources */ = {
			isa = PBXResourcesBuildPhase;
			buildActionMask = 2147483647;
			files = (
			);
			runOnlyForDeploymentPostprocessing = 0;
		};
/* End PBXResourcesBuildPhase section */

/* Begin PBXShellScriptBuildPhase section */
		5F132F1D732ADAF3309C9308 /* [CP] Check Pods Manifest.lock */ = {
			isa = PBXShellScriptBuildPhase;
			buildActionMask = 2147483647;
			files = (
			);
			inputFileListPaths = (
			);
			inputPaths = (
				"${PODS_PODFILE_DIR_PATH}/Podfile.lock",
				"${PODS_ROOT}/Manifest.lock",
			);
			name = "[CP] Check Pods Manifest.lock";
			outputFileListPaths = (
			);
			outputPaths = (
				"$(DERIVED_FILE_DIR)/Pods-talento-mobile-marvelTests-checkManifestLockResult.txt",
			);
			runOnlyForDeploymentPostprocessing = 0;
			shellPath = /bin/sh;
			shellScript = "diff \"${PODS_PODFILE_DIR_PATH}/Podfile.lock\" \"${PODS_ROOT}/Manifest.lock\" > /dev/null\nif [ $? != 0 ] ; then\n    # print error to STDERR\n    echo \"error: The sandbox is not in sync with the Podfile.lock. Run 'pod install' or update your CocoaPods installation.\" >&2\n    exit 1\nfi\n# This output is used by Xcode 'outputs' to avoid re-running this script phase.\necho \"SUCCESS\" > \"${SCRIPT_OUTPUT_FILE_0}\"\n";
			showEnvVarsInLog = 0;
		};
		8FC5BBD35814EEA579629834 /* [CP] Check Pods Manifest.lock */ = {
			isa = PBXShellScriptBuildPhase;
			buildActionMask = 2147483647;
			files = (
			);
			inputFileListPaths = (
			);
			inputPaths = (
				"${PODS_PODFILE_DIR_PATH}/Podfile.lock",
				"${PODS_ROOT}/Manifest.lock",
			);
			name = "[CP] Check Pods Manifest.lock";
			outputFileListPaths = (
			);
			outputPaths = (
				"$(DERIVED_FILE_DIR)/Pods-talento-mobile-marvel-checkManifestLockResult.txt",
			);
			runOnlyForDeploymentPostprocessing = 0;
			shellPath = /bin/sh;
			shellScript = "diff \"${PODS_PODFILE_DIR_PATH}/Podfile.lock\" \"${PODS_ROOT}/Manifest.lock\" > /dev/null\nif [ $? != 0 ] ; then\n    # print error to STDERR\n    echo \"error: The sandbox is not in sync with the Podfile.lock. Run 'pod install' or update your CocoaPods installation.\" >&2\n    exit 1\nfi\n# This output is used by Xcode 'outputs' to avoid re-running this script phase.\necho \"SUCCESS\" > \"${SCRIPT_OUTPUT_FILE_0}\"\n";
			showEnvVarsInLog = 0;
		};
		A7E9FABF0033E5D164482929 /* [CP] Check Pods Manifest.lock */ = {
			isa = PBXShellScriptBuildPhase;
			buildActionMask = 2147483647;
			files = (
			);
			inputFileListPaths = (
			);
			inputPaths = (
				"${PODS_PODFILE_DIR_PATH}/Podfile.lock",
				"${PODS_ROOT}/Manifest.lock",
			);
			name = "[CP] Check Pods Manifest.lock";
			outputFileListPaths = (
			);
			outputPaths = (
				"$(DERIVED_FILE_DIR)/Pods-talento-mobile-marvel-talento-mobile-marvelUITests-checkManifestLockResult.txt",
			);
			runOnlyForDeploymentPostprocessing = 0;
			shellPath = /bin/sh;
			shellScript = "diff \"${PODS_PODFILE_DIR_PATH}/Podfile.lock\" \"${PODS_ROOT}/Manifest.lock\" > /dev/null\nif [ $? != 0 ] ; then\n    # print error to STDERR\n    echo \"error: The sandbox is not in sync with the Podfile.lock. Run 'pod install' or update your CocoaPods installation.\" >&2\n    exit 1\nfi\n# This output is used by Xcode 'outputs' to avoid re-running this script phase.\necho \"SUCCESS\" > \"${SCRIPT_OUTPUT_FILE_0}\"\n";
			showEnvVarsInLog = 0;
		};
		C639540A795216275D10EA55 /* [CP] Embed Pods Frameworks */ = {
			isa = PBXShellScriptBuildPhase;
			buildActionMask = 2147483647;
			files = (
			);
			inputFileListPaths = (
				"${PODS_ROOT}/Target Support Files/Pods-talento-mobile-marvel/Pods-talento-mobile-marvel-frameworks-${CONFIGURATION}-input-files.xcfilelist",
			);
			name = "[CP] Embed Pods Frameworks";
			outputFileListPaths = (
				"${PODS_ROOT}/Target Support Files/Pods-talento-mobile-marvel/Pods-talento-mobile-marvel-frameworks-${CONFIGURATION}-output-files.xcfilelist",
			);
			runOnlyForDeploymentPostprocessing = 0;
			shellPath = /bin/sh;
			shellScript = "\"${PODS_ROOT}/Target Support Files/Pods-talento-mobile-marvel/Pods-talento-mobile-marvel-frameworks.sh\"\n";
			showEnvVarsInLog = 0;
		};
		DCD649E86B51F9B180AF23AD /* [CP] Embed Pods Frameworks */ = {
			isa = PBXShellScriptBuildPhase;
			buildActionMask = 2147483647;
			files = (
			);
			inputFileListPaths = (
				"${PODS_ROOT}/Target Support Files/Pods-talento-mobile-marvel-talento-mobile-marvelUITests/Pods-talento-mobile-marvel-talento-mobile-marvelUITests-frameworks-${CONFIGURATION}-input-files.xcfilelist",
			);
			name = "[CP] Embed Pods Frameworks";
			outputFileListPaths = (
				"${PODS_ROOT}/Target Support Files/Pods-talento-mobile-marvel-talento-mobile-marvelUITests/Pods-talento-mobile-marvel-talento-mobile-marvelUITests-frameworks-${CONFIGURATION}-output-files.xcfilelist",
			);
			runOnlyForDeploymentPostprocessing = 0;
			shellPath = /bin/sh;
			shellScript = "\"${PODS_ROOT}/Target Support Files/Pods-talento-mobile-marvel-talento-mobile-marvelUITests/Pods-talento-mobile-marvel-talento-mobile-marvelUITests-frameworks.sh\"\n";
			showEnvVarsInLog = 0;
		};
/* End PBXShellScriptBuildPhase section */

/* Begin PBXSourcesBuildPhase section */
		49AF86A228F46D7600CCC6AA /* Sources */ = {
			isa = PBXSourcesBuildPhase;
			buildActionMask = 2147483647;
			files = (
				49B4B47D28F5BE3500EF12F8 /* EventList.swift in Sources */,
				49B9E07C28F71638002C92DC /* CharacterDataWrapper.swift in Sources */,
				49B9E07A28F71586002C92DC /* CharacterDataContainer.swift in Sources */,
				49B9E07828F70D8C002C92DC /* Md5.swift in Sources */,
				49B9E08228F856F5002C92DC /* CharacterDetailViewController.swift in Sources */,
				49AF86AE28F46D7700CCC6AA /* ViewController.swift in Sources */,
				49B4B47728F5BC4D00EF12F8 /* SeriesSummary.swift in Sources */,
				49B4B47328F59B3E00EF12F8 /* Image.swift in Sources */,
				49B9E07E28F802ED002C92DC /* CharacterTableViewCell.swift in Sources */,
				49B4B47928F5BD4200EF12F8 /* StoryList.swift in Sources */,
				49B4B47528F5BB5700EF12F8 /* SeriesList.swift in Sources */,
				49B4B47F28F5BEA000EF12F8 /* EventSummary.swift in Sources */,
				49AF86AA28F46D7700CCC6AA /* AppDelegate.swift in Sources */,
				49AF86AC28F46D7700CCC6AA /* SceneDelegate.swift in Sources */,
				49B4B47B28F5BDD600EF12F8 /* StorySummary.swift in Sources */,
				49B4B46D28F5869500EF12F8 /* Character.swift in Sources */,
				49B4B46B28F5778300EF12F8 /* MarvelApiManager.swift in Sources */,
				49B4B46F28F5936100EF12F8 /* ComicList.swift in Sources */,
				49B9E07628F6EA38002C92DC /* MarvelCharactersViewModel.swift in Sources */,
				49B4B47128F5980A00EF12F8 /* ComicSummary.swift in Sources */,
				49B4B46928F5755800EF12F8 /* ServiceManager.swift in Sources */,
			);
			runOnlyForDeploymentPostprocessing = 0;
		};
		49AF86B828F46D7900CCC6AA /* Sources */ = {
			isa = PBXSourcesBuildPhase;
			buildActionMask = 2147483647;
			files = (
				49AF86C128F46D7900CCC6AA /* talento_mobile_marvelTests.swift in Sources */,
			);
			runOnlyForDeploymentPostprocessing = 0;
		};
		49AF86C228F46D7900CCC6AA /* Sources */ = {
			isa = PBXSourcesBuildPhase;
			buildActionMask = 2147483647;
			files = (
				49AF86CB28F46D7900CCC6AA /* talento_mobile_marvelUITests.swift in Sources */,
				49AF86CD28F46D7900CCC6AA /* talento_mobile_marvelUITestsLaunchTests.swift in Sources */,
			);
			runOnlyForDeploymentPostprocessing = 0;
		};
/* End PBXSourcesBuildPhase section */

/* Begin PBXTargetDependency section */
		49AF86BE28F46D7900CCC6AA /* PBXTargetDependency */ = {
			isa = PBXTargetDependency;
			target = 49AF86A528F46D7600CCC6AA /* talento-mobile-marvel */;
			targetProxy = 49AF86BD28F46D7900CCC6AA /* PBXContainerItemProxy */;
		};
		49AF86C828F46D7900CCC6AA /* PBXTargetDependency */ = {
			isa = PBXTargetDependency;
			target = 49AF86A528F46D7600CCC6AA /* talento-mobile-marvel */;
			targetProxy = 49AF86C728F46D7900CCC6AA /* PBXContainerItemProxy */;
		};
/* End PBXTargetDependency section */

/* Begin PBXVariantGroup section */
		49AF86AF28F46D7700CCC6AA /* Main.storyboard */ = {
			isa = PBXVariantGroup;
			children = (
				49AF86B028F46D7700CCC6AA /* Base */,
			);
			name = Main.storyboard;
			sourceTree = "<group>";
		};
		49AF86B428F46D7900CCC6AA /* LaunchScreen.storyboard */ = {
			isa = PBXVariantGroup;
			children = (
				49AF86B528F46D7900CCC6AA /* Base */,
			);
			name = LaunchScreen.storyboard;
			sourceTree = "<group>";
		};
/* End PBXVariantGroup section */

/* Begin XCBuildConfiguration section */
		49AF86CE28F46D7900CCC6AA /* Debug */ = {
			isa = XCBuildConfiguration;
			buildSettings = {
				ALWAYS_SEARCH_USER_PATHS = NO;
				CLANG_ANALYZER_NONNULL = YES;
				CLANG_ANALYZER_NUMBER_OBJECT_CONVERSION = YES_AGGRESSIVE;
				CLANG_CXX_LANGUAGE_STANDARD = "gnu++17";
				CLANG_CXX_LIBRARY = "libc++";
				CLANG_ENABLE_MODULES = YES;
				CLANG_ENABLE_OBJC_ARC = YES;
				CLANG_ENABLE_OBJC_WEAK = YES;
				CLANG_WARN_BLOCK_CAPTURE_AUTORELEASING = YES;
				CLANG_WARN_BOOL_CONVERSION = YES;
				CLANG_WARN_COMMA = YES;
				CLANG_WARN_CONSTANT_CONVERSION = YES;
				CLANG_WARN_DEPRECATED_OBJC_IMPLEMENTATIONS = YES;
				CLANG_WARN_DIRECT_OBJC_ISA_USAGE = YES_ERROR;
				CLANG_WARN_DOCUMENTATION_COMMENTS = YES;
				CLANG_WARN_EMPTY_BODY = YES;
				CLANG_WARN_ENUM_CONVERSION = YES;
				CLANG_WARN_INFINITE_RECURSION = YES;
				CLANG_WARN_INT_CONVERSION = YES;
				CLANG_WARN_NON_LITERAL_NULL_CONVERSION = YES;
				CLANG_WARN_OBJC_IMPLICIT_RETAIN_SELF = YES;
				CLANG_WARN_OBJC_LITERAL_CONVERSION = YES;
				CLANG_WARN_OBJC_ROOT_CLASS = YES_ERROR;
				CLANG_WARN_QUOTED_INCLUDE_IN_FRAMEWORK_HEADER = YES;
				CLANG_WARN_RANGE_LOOP_ANALYSIS = YES;
				CLANG_WARN_STRICT_PROTOTYPES = YES;
				CLANG_WARN_SUSPICIOUS_MOVE = YES;
				CLANG_WARN_UNGUARDED_AVAILABILITY = YES_AGGRESSIVE;
				CLANG_WARN_UNREACHABLE_CODE = YES;
				CLANG_WARN__DUPLICATE_METHOD_MATCH = YES;
				COPY_PHASE_STRIP = NO;
				DEBUG_INFORMATION_FORMAT = dwarf;
				ENABLE_STRICT_OBJC_MSGSEND = YES;
				ENABLE_TESTABILITY = YES;
				GCC_C_LANGUAGE_STANDARD = gnu11;
				GCC_DYNAMIC_NO_PIC = NO;
				GCC_NO_COMMON_BLOCKS = YES;
				GCC_OPTIMIZATION_LEVEL = 0;
				GCC_PREPROCESSOR_DEFINITIONS = (
					"DEBUG=1",
					"$(inherited)",
				);
				GCC_WARN_64_TO_32_BIT_CONVERSION = YES;
				GCC_WARN_ABOUT_RETURN_TYPE = YES_ERROR;
				GCC_WARN_UNDECLARED_SELECTOR = YES;
				GCC_WARN_UNINITIALIZED_AUTOS = YES_AGGRESSIVE;
				GCC_WARN_UNUSED_FUNCTION = YES;
				GCC_WARN_UNUSED_VARIABLE = YES;
				IPHONEOS_DEPLOYMENT_TARGET = 15.2;
				MTL_ENABLE_DEBUG_INFO = INCLUDE_SOURCE;
				MTL_FAST_MATH = YES;
				ONLY_ACTIVE_ARCH = YES;
				SDKROOT = iphoneos;
				SWIFT_ACTIVE_COMPILATION_CONDITIONS = DEBUG;
				SWIFT_OPTIMIZATION_LEVEL = "-Onone";
			};
			name = Debug;
		};
		49AF86CF28F46D7900CCC6AA /* Release */ = {
			isa = XCBuildConfiguration;
			buildSettings = {
				ALWAYS_SEARCH_USER_PATHS = NO;
				CLANG_ANALYZER_NONNULL = YES;
				CLANG_ANALYZER_NUMBER_OBJECT_CONVERSION = YES_AGGRESSIVE;
				CLANG_CXX_LANGUAGE_STANDARD = "gnu++17";
				CLANG_CXX_LIBRARY = "libc++";
				CLANG_ENABLE_MODULES = YES;
				CLANG_ENABLE_OBJC_ARC = YES;
				CLANG_ENABLE_OBJC_WEAK = YES;
				CLANG_WARN_BLOCK_CAPTURE_AUTORELEASING = YES;
				CLANG_WARN_BOOL_CONVERSION = YES;
				CLANG_WARN_COMMA = YES;
				CLANG_WARN_CONSTANT_CONVERSION = YES;
				CLANG_WARN_DEPRECATED_OBJC_IMPLEMENTATIONS = YES;
				CLANG_WARN_DIRECT_OBJC_ISA_USAGE = YES_ERROR;
				CLANG_WARN_DOCUMENTATION_COMMENTS = YES;
				CLANG_WARN_EMPTY_BODY = YES;
				CLANG_WARN_ENUM_CONVERSION = YES;
				CLANG_WARN_INFINITE_RECURSION = YES;
				CLANG_WARN_INT_CONVERSION = YES;
				CLANG_WARN_NON_LITERAL_NULL_CONVERSION = YES;
				CLANG_WARN_OBJC_IMPLICIT_RETAIN_SELF = YES;
				CLANG_WARN_OBJC_LITERAL_CONVERSION = YES;
				CLANG_WARN_OBJC_ROOT_CLASS = YES_ERROR;
				CLANG_WARN_QUOTED_INCLUDE_IN_FRAMEWORK_HEADER = YES;
				CLANG_WARN_RANGE_LOOP_ANALYSIS = YES;
				CLANG_WARN_STRICT_PROTOTYPES = YES;
				CLANG_WARN_SUSPICIOUS_MOVE = YES;
				CLANG_WARN_UNGUARDED_AVAILABILITY = YES_AGGRESSIVE;
				CLANG_WARN_UNREACHABLE_CODE = YES;
				CLANG_WARN__DUPLICATE_METHOD_MATCH = YES;
				COPY_PHASE_STRIP = NO;
				DEBUG_INFORMATION_FORMAT = "dwarf-with-dsym";
				ENABLE_NS_ASSERTIONS = NO;
				ENABLE_STRICT_OBJC_MSGSEND = YES;
				GCC_C_LANGUAGE_STANDARD = gnu11;
				GCC_NO_COMMON_BLOCKS = YES;
				GCC_WARN_64_TO_32_BIT_CONVERSION = YES;
				GCC_WARN_ABOUT_RETURN_TYPE = YES_ERROR;
				GCC_WARN_UNDECLARED_SELECTOR = YES;
				GCC_WARN_UNINITIALIZED_AUTOS = YES_AGGRESSIVE;
				GCC_WARN_UNUSED_FUNCTION = YES;
				GCC_WARN_UNUSED_VARIABLE = YES;
				IPHONEOS_DEPLOYMENT_TARGET = 15.2;
				MTL_ENABLE_DEBUG_INFO = NO;
				MTL_FAST_MATH = YES;
				SDKROOT = iphoneos;
				SWIFT_COMPILATION_MODE = wholemodule;
				SWIFT_OPTIMIZATION_LEVEL = "-O";
				VALIDATE_PRODUCT = YES;
			};
			name = Release;
		};
		49AF86D128F46D7900CCC6AA /* Debug */ = {
			isa = XCBuildConfiguration;
			baseConfigurationReference = 03C55CE5D1DD80D9A369DF02 /* Pods-talento-mobile-marvel.debug.xcconfig */;
			buildSettings = {
				ASSETCATALOG_COMPILER_APPICON_NAME = AppIcon;
				ASSETCATALOG_COMPILER_GLOBAL_ACCENT_COLOR_NAME = AccentColor;
				CODE_SIGN_STYLE = Automatic;
				CURRENT_PROJECT_VERSION = 1;
				GENERATE_INFOPLIST_FILE = YES;
				INFOPLIST_FILE = "talento-mobile-marvel/Info.plist";
				INFOPLIST_KEY_UIApplicationSupportsIndirectInputEvents = YES;
				INFOPLIST_KEY_UILaunchStoryboardName = LaunchScreen;
				INFOPLIST_KEY_UIMainStoryboardFile = Main;
				INFOPLIST_KEY_UISupportedInterfaceOrientations_iPad = "UIInterfaceOrientationPortrait UIInterfaceOrientationPortraitUpsideDown UIInterfaceOrientationLandscapeLeft UIInterfaceOrientationLandscapeRight";
				INFOPLIST_KEY_UISupportedInterfaceOrientations_iPhone = "UIInterfaceOrientationPortrait UIInterfaceOrientationLandscapeLeft UIInterfaceOrientationLandscapeRight";
				LD_RUNPATH_SEARCH_PATHS = (
					"$(inherited)",
					"@executable_path/Frameworks",
				);
				MARKETING_VERSION = 1.0;
				PRODUCT_BUNDLE_IDENTIFIER = "Marc-Teixido.talento-mobile-marvel";
				PRODUCT_NAME = "$(TARGET_NAME)";
				SWIFT_EMIT_LOC_STRINGS = YES;
				SWIFT_VERSION = 5.0;
				TARGETED_DEVICE_FAMILY = "1,2";
			};
			name = Debug;
		};
		49AF86D228F46D7900CCC6AA /* Release */ = {
			isa = XCBuildConfiguration;
			baseConfigurationReference = 7CB1331A3EADC0EB568390E3 /* Pods-talento-mobile-marvel.release.xcconfig */;
			buildSettings = {
				ASSETCATALOG_COMPILER_APPICON_NAME = AppIcon;
				ASSETCATALOG_COMPILER_GLOBAL_ACCENT_COLOR_NAME = AccentColor;
				CODE_SIGN_STYLE = Automatic;
				CURRENT_PROJECT_VERSION = 1;
				GENERATE_INFOPLIST_FILE = YES;
				INFOPLIST_FILE = "talento-mobile-marvel/Info.plist";
				INFOPLIST_KEY_UIApplicationSupportsIndirectInputEvents = YES;
				INFOPLIST_KEY_UILaunchStoryboardName = LaunchScreen;
				INFOPLIST_KEY_UIMainStoryboardFile = Main;
				INFOPLIST_KEY_UISupportedInterfaceOrientations_iPad = "UIInterfaceOrientationPortrait UIInterfaceOrientationPortraitUpsideDown UIInterfaceOrientationLandscapeLeft UIInterfaceOrientationLandscapeRight";
				INFOPLIST_KEY_UISupportedInterfaceOrientations_iPhone = "UIInterfaceOrientationPortrait UIInterfaceOrientationLandscapeLeft UIInterfaceOrientationLandscapeRight";
				LD_RUNPATH_SEARCH_PATHS = (
					"$(inherited)",
					"@executable_path/Frameworks",
				);
				MARKETING_VERSION = 1.0;
				PRODUCT_BUNDLE_IDENTIFIER = "Marc-Teixido.talento-mobile-marvel";
				PRODUCT_NAME = "$(TARGET_NAME)";
				SWIFT_EMIT_LOC_STRINGS = YES;
				SWIFT_VERSION = 5.0;
				TARGETED_DEVICE_FAMILY = "1,2";
			};
			name = Release;
		};
		49AF86D428F46D7900CCC6AA /* Debug */ = {
			isa = XCBuildConfiguration;
			baseConfigurationReference = 8F86685E050C42F1DCA6070E /* Pods-talento-mobile-marvelTests.debug.xcconfig */;
			buildSettings = {
				ALWAYS_EMBED_SWIFT_STANDARD_LIBRARIES = YES;
				BUNDLE_LOADER = "$(TEST_HOST)";
				CODE_SIGN_STYLE = Automatic;
				CURRENT_PROJECT_VERSION = 1;
				GENERATE_INFOPLIST_FILE = YES;
				IPHONEOS_DEPLOYMENT_TARGET = 15.2;
				MARKETING_VERSION = 1.0;
				PRODUCT_BUNDLE_IDENTIFIER = "Marc-Teixido.talento-mobile-marvelTests";
				PRODUCT_NAME = "$(TARGET_NAME)";
				SWIFT_EMIT_LOC_STRINGS = NO;
				SWIFT_VERSION = 5.0;
				TARGETED_DEVICE_FAMILY = "1,2";
				TEST_HOST = "$(BUILT_PRODUCTS_DIR)/talento-mobile-marvel.app/talento-mobile-marvel";
			};
			name = Debug;
		};
		49AF86D528F46D7900CCC6AA /* Release */ = {
			isa = XCBuildConfiguration;
			baseConfigurationReference = 482CE526DA66B22AD7A32014 /* Pods-talento-mobile-marvelTests.release.xcconfig */;
			buildSettings = {
				ALWAYS_EMBED_SWIFT_STANDARD_LIBRARIES = YES;
				BUNDLE_LOADER = "$(TEST_HOST)";
				CODE_SIGN_STYLE = Automatic;
				CURRENT_PROJECT_VERSION = 1;
				GENERATE_INFOPLIST_FILE = YES;
				IPHONEOS_DEPLOYMENT_TARGET = 15.2;
				MARKETING_VERSION = 1.0;
				PRODUCT_BUNDLE_IDENTIFIER = "Marc-Teixido.talento-mobile-marvelTests";
				PRODUCT_NAME = "$(TARGET_NAME)";
				SWIFT_EMIT_LOC_STRINGS = NO;
				SWIFT_VERSION = 5.0;
				TARGETED_DEVICE_FAMILY = "1,2";
				TEST_HOST = "$(BUILT_PRODUCTS_DIR)/talento-mobile-marvel.app/talento-mobile-marvel";
			};
			name = Release;
		};
		49AF86D728F46D7900CCC6AA /* Debug */ = {
			isa = XCBuildConfiguration;
			baseConfigurationReference = AAE79C29E5F3C8034C9BC509 /* Pods-talento-mobile-marvel-talento-mobile-marvelUITests.debug.xcconfig */;
			buildSettings = {
				ALWAYS_EMBED_SWIFT_STANDARD_LIBRARIES = YES;
				CODE_SIGN_STYLE = Automatic;
				CURRENT_PROJECT_VERSION = 1;
				GENERATE_INFOPLIST_FILE = YES;
				MARKETING_VERSION = 1.0;
				PRODUCT_BUNDLE_IDENTIFIER = "Marc-Teixido.talento-mobile-marvelUITests";
				PRODUCT_NAME = "$(TARGET_NAME)";
				SWIFT_EMIT_LOC_STRINGS = NO;
				SWIFT_VERSION = 5.0;
				TARGETED_DEVICE_FAMILY = "1,2";
				TEST_TARGET_NAME = "talento-mobile-marvel";
			};
			name = Debug;
		};
		49AF86D828F46D7900CCC6AA /* Release */ = {
			isa = XCBuildConfiguration;
			baseConfigurationReference = 36530F833037C8A5EAB3F64A /* Pods-talento-mobile-marvel-talento-mobile-marvelUITests.release.xcconfig */;
			buildSettings = {
				ALWAYS_EMBED_SWIFT_STANDARD_LIBRARIES = YES;
				CODE_SIGN_STYLE = Automatic;
				CURRENT_PROJECT_VERSION = 1;
				GENERATE_INFOPLIST_FILE = YES;
				MARKETING_VERSION = 1.0;
				PRODUCT_BUNDLE_IDENTIFIER = "Marc-Teixido.talento-mobile-marvelUITests";
				PRODUCT_NAME = "$(TARGET_NAME)";
				SWIFT_EMIT_LOC_STRINGS = NO;
				SWIFT_VERSION = 5.0;
				TARGETED_DEVICE_FAMILY = "1,2";
				TEST_TARGET_NAME = "talento-mobile-marvel";
			};
			name = Release;
		};
/* End XCBuildConfiguration section */

/* Begin XCConfigurationList section */
		49AF86A128F46D7600CCC6AA /* Build configuration list for PBXProject "talento-mobile-marvel" */ = {
			isa = XCConfigurationList;
			buildConfigurations = (
				49AF86CE28F46D7900CCC6AA /* Debug */,
				49AF86CF28F46D7900CCC6AA /* Release */,
			);
			defaultConfigurationIsVisible = 0;
			defaultConfigurationName = Release;
		};
		49AF86D028F46D7900CCC6AA /* Build configuration list for PBXNativeTarget "talento-mobile-marvel" */ = {
			isa = XCConfigurationList;
			buildConfigurations = (
				49AF86D128F46D7900CCC6AA /* Debug */,
				49AF86D228F46D7900CCC6AA /* Release */,
			);
			defaultConfigurationIsVisible = 0;
			defaultConfigurationName = Release;
		};
		49AF86D328F46D7900CCC6AA /* Build configuration list for PBXNativeTarget "talento-mobile-marvelTests" */ = {
			isa = XCConfigurationList;
			buildConfigurations = (
				49AF86D428F46D7900CCC6AA /* Debug */,
				49AF86D528F46D7900CCC6AA /* Release */,
			);
			defaultConfigurationIsVisible = 0;
			defaultConfigurationName = Release;
		};
		49AF86D628F46D7900CCC6AA /* Build configuration list for PBXNativeTarget "talento-mobile-marvelUITests" */ = {
			isa = XCConfigurationList;
			buildConfigurations = (
				49AF86D728F46D7900CCC6AA /* Debug */,
				49AF86D828F46D7900CCC6AA /* Release */,
			);
			defaultConfigurationIsVisible = 0;
			defaultConfigurationName = Release;
		};
/* End XCConfigurationList section */
	};
	rootObject = 49AF869E28F46D7600CCC6AA /* Project object */;
}
